{
  "requires": true,
  "lockfileVersion": 1,
  "dependencies": {
    "@babel/code-frame": {
      "version": "7.18.6",
      "resolved": "https://registry.npmjs.org/@babel/code-frame/-/code-frame-7.18.6.tgz",
      "integrity": "sha512-TDCmlK5eOvH+eH7cdAFlNXeVJqWIQ7gW9tY1GJIpUtFb6CmjVyq2VM3u71bOyR8CRihcCgMUYoDNyLXao3+70Q==",
      "requires": {
        "@babel/highlight": "^7.18.6"
      }
    },
    "@babel/helper-module-imports": {
      "version": "7.18.6",
      "resolved": "https://registry.npmjs.org/@babel/helper-module-imports/-/helper-module-imports-7.18.6.tgz",
      "integrity": "sha512-0NFvs3VkuSYbFi1x2Vd6tKrywq+z/cLeYC/RJNFrIX/30Bf5aiGYbtvGXolEktzJH8o5E5KJ3tT+nkxuuZFVlA==",
      "requires": {
        "@babel/types": "^7.18.6"
      }
    },
    "@babel/helper-plugin-utils": {
      "version": "7.18.6",
      "resolved": "https://registry.npmjs.org/@babel/helper-plugin-utils/-/helper-plugin-utils-7.18.6.tgz",
      "integrity": "sha512-gvZnm1YAAxh13eJdkb9EWHBnF3eAub3XTLCZEehHT2kWxiKVRL64+ae5Y6Ivne0mVHmMYKT+xWgZO+gQhuLUBg=="
    },
    "@babel/helper-validator-identifier": {
      "version": "7.18.6",
      "resolved": "https://registry.npmjs.org/@babel/helper-validator-identifier/-/helper-validator-identifier-7.18.6.tgz",
      "integrity": "sha512-MmetCkz9ej86nJQV+sFCxoGGrUbU3q02kgLciwkrt9QqEB7cP39oKEY0PakknEO0Gu20SskMRi+AYZ3b1TpN9g=="
    },
    "@babel/highlight": {
      "version": "7.18.6",
      "resolved": "https://registry.npmjs.org/@babel/highlight/-/highlight-7.18.6.tgz",
      "integrity": "sha512-u7stbOuYjaPezCuLj29hNW1v64M2Md2qupEKP1fHc7WdOA3DgLh37suiSrZYY7haUB7iBeQZ9P1uiRF359do3g==",
      "requires": {
        "@babel/helper-validator-identifier": "^7.18.6",
        "chalk": "^2.0.0",
        "js-tokens": "^4.0.0"
      }
    },
    "@babel/plugin-syntax-jsx": {
      "version": "7.18.6",
      "resolved": "https://registry.npmjs.org/@babel/plugin-syntax-jsx/-/plugin-syntax-jsx-7.18.6.tgz",
      "integrity": "sha512-6mmljtAedFGTWu2p/8WIORGwy+61PLgOMPOdazc7YoJ9ZCWUyFy3A6CpPkRKLKD1ToAesxX8KGEViAiLo9N+7Q==",
      "requires": {
        "@babel/helper-plugin-utils": "^7.18.6"
      }
    },
    "@babel/runtime": {
      "version": "7.18.6",
      "resolved": "https://registry.npmjs.org/@babel/runtime/-/runtime-7.18.6.tgz",
      "integrity": "sha512-t9wi7/AW6XtKahAe20Yw0/mMljKq0B1r2fPdvaAdV/KPDZewFXdaaa6K7lxmZBZ8FBNpCiAT6iHPmd6QO9bKfQ==",
      "requires": {
        "regenerator-runtime": "^0.13.4"
      }
    },
    "@babel/types": {
      "version": "7.18.8",
      "resolved": "https://registry.npmjs.org/@babel/types/-/types-7.18.8.tgz",
      "integrity": "sha512-qwpdsmraq0aJ3osLJRApsc2ouSJCdnMeZwB0DhbtHAtRpZNZCdlbRnHIgcRKzdE1g0iOGg644fzjOBcdOz9cPw==",
      "requires": {
        "@babel/helper-validator-identifier": "^7.18.6",
        "to-fast-properties": "^2.0.0"
      }
    },
    "@emotion/babel-plugin": {
      "version": "11.9.2",
      "resolved": "https://registry.npmjs.org/@emotion/babel-plugin/-/babel-plugin-11.9.2.tgz",
      "integrity": "sha512-Pr/7HGH6H6yKgnVFNEj2MVlreu3ADqftqjqwUvDy/OJzKFgxKeTQ+eeUf20FOTuHVkDON2iNa25rAXVYtWJCjw==",
      "requires": {
        "@babel/helper-module-imports": "^7.12.13",
        "@babel/plugin-syntax-jsx": "^7.12.13",
        "@babel/runtime": "^7.13.10",
        "@emotion/hash": "^0.8.0",
        "@emotion/memoize": "^0.7.5",
        "@emotion/serialize": "^1.0.2",
        "babel-plugin-macros": "^2.6.1",
        "convert-source-map": "^1.5.0",
        "escape-string-regexp": "^4.0.0",
        "find-root": "^1.1.0",
        "source-map": "^0.5.7",
        "stylis": "4.0.13"
      }
    },
    "@emotion/cache": {
      "version": "11.9.3",
      "resolved": "https://registry.npmjs.org/@emotion/cache/-/cache-11.9.3.tgz",
      "integrity": "sha512-0dgkI/JKlCXa+lEXviaMtGBL0ynpx4osh7rjOXE71q9bIF8G+XhJgvi+wDu0B0IdCVx37BffiwXlN9I3UuzFvg==",
      "requires": {
        "@emotion/memoize": "^0.7.4",
        "@emotion/sheet": "^1.1.1",
        "@emotion/utils": "^1.0.0",
        "@emotion/weak-memoize": "^0.2.5",
        "stylis": "4.0.13"
      }
    },
    "@emotion/hash": {
      "version": "0.8.0",
      "resolved": "https://registry.npmjs.org/@emotion/hash/-/hash-0.8.0.tgz",
      "integrity": "sha512-kBJtf7PH6aWwZ6fka3zQ0p6SBYzx4fl1LoZXE2RrnYST9Xljm7WfKJrU4g/Xr3Beg72MLrp1AWNUmuYJTL7Cow=="
    },
    "@emotion/is-prop-valid": {
      "version": "1.1.3",
      "resolved": "https://registry.npmjs.org/@emotion/is-prop-valid/-/is-prop-valid-1.1.3.tgz",
      "integrity": "sha512-RFg04p6C+1uO19uG8N+vqanzKqiM9eeV1LDOG3bmkYmuOj7NbKNlFC/4EZq5gnwAIlcC/jOT24f8Td0iax2SXA==",
      "requires": {
        "@emotion/memoize": "^0.7.4"
      }
    },
    "@emotion/memoize": {
      "version": "0.7.5",
      "resolved": "https://registry.npmjs.org/@emotion/memoize/-/memoize-0.7.5.tgz",
      "integrity": "sha512-igX9a37DR2ZPGYtV6suZ6whr8pTFtyHL3K/oLUotxpSVO2ASaprmAe2Dkq7tBo7CRY7MMDrAa9nuQP9/YG8FxQ=="
    },
    "@emotion/react": {
      "version": "11.9.3",
      "resolved": "https://registry.npmjs.org/@emotion/react/-/react-11.9.3.tgz",
      "integrity": "sha512-g9Q1GcTOlzOEjqwuLF/Zd9LC+4FljjPjDfxSM7KmEakm+hsHXk+bYZ2q+/hTJzr0OUNkujo72pXLQvXj6H+GJQ==",
      "requires": {
        "@babel/runtime": "^7.13.10",
        "@emotion/babel-plugin": "^11.7.1",
        "@emotion/cache": "^11.9.3",
        "@emotion/serialize": "^1.0.4",
        "@emotion/utils": "^1.1.0",
        "@emotion/weak-memoize": "^0.2.5",
        "hoist-non-react-statics": "^3.3.1"
      }
    },
    "@emotion/serialize": {
      "version": "1.0.4",
      "resolved": "https://registry.npmjs.org/@emotion/serialize/-/serialize-1.0.4.tgz",
      "integrity": "sha512-1JHamSpH8PIfFwAMryO2bNka+y8+KA5yga5Ocf2d7ZEiJjb7xlLW7aknBGZqJLajuLOvJ+72vN+IBSwPlXD1Pg==",
      "requires": {
        "@emotion/hash": "^0.8.0",
        "@emotion/memoize": "^0.7.4",
        "@emotion/unitless": "^0.7.5",
        "@emotion/utils": "^1.0.0",
        "csstype": "^3.0.2"
      }
    },
    "@emotion/sheet": {
      "version": "1.1.1",
      "resolved": "https://registry.npmjs.org/@emotion/sheet/-/sheet-1.1.1.tgz",
      "integrity": "sha512-J3YPccVRMiTZxYAY0IOq3kd+hUP8idY8Kz6B/Cyo+JuXq52Ek+zbPbSQUrVQp95aJ+lsAW7DPL1P2Z+U1jGkKA=="
    },
    "@emotion/styled": {
      "version": "11.9.3",
      "resolved": "https://registry.npmjs.org/@emotion/styled/-/styled-11.9.3.tgz",
      "integrity": "sha512-o3sBNwbtoVz9v7WB1/Y/AmXl69YHmei2mrVnK7JgyBJ//Rst5yqPZCecEJlMlJrFeWHp+ki/54uN265V2pEcXA==",
      "requires": {
        "@babel/runtime": "^7.13.10",
        "@emotion/babel-plugin": "^11.7.1",
        "@emotion/is-prop-valid": "^1.1.3",
        "@emotion/serialize": "^1.0.4",
        "@emotion/utils": "^1.1.0"
      }
    },
    "@emotion/unitless": {
      "version": "0.7.5",
      "resolved": "https://registry.npmjs.org/@emotion/unitless/-/unitless-0.7.5.tgz",
      "integrity": "sha512-OWORNpfjMsSSUBVrRBVGECkhWcULOAJz9ZW8uK9qgxD+87M7jHRcvh/A96XXNhXTLmKcoYSQtBEX7lHMO7YRwg=="
    },
    "@emotion/utils": {
      "version": "1.1.0",
      "resolved": "https://registry.npmjs.org/@emotion/utils/-/utils-1.1.0.tgz",
      "integrity": "sha512-iRLa/Y4Rs5H/f2nimczYmS5kFJEbpiVvgN3XVfZ022IYhuNA1IRSHEizcof88LtCTXtl9S2Cxt32KgaXEu72JQ=="
    },
    "@emotion/weak-memoize": {
      "version": "0.2.5",
      "resolved": "https://registry.npmjs.org/@emotion/weak-memoize/-/weak-memoize-0.2.5.tgz",
      "integrity": "sha512-6U71C2Wp7r5XtFtQzYrW5iKFT67OixrSxjI4MptCHzdSVlgabczzqLe0ZSgnub/5Kp4hSbpDB1tMytZY9pwxxA=="
    },
    "@mui/base": {
      "version": "5.0.0-alpha.89",
      "resolved": "https://registry.npmjs.org/@mui/base/-/base-5.0.0-alpha.89.tgz",
      "integrity": "sha512-2g18hzt947qQ3gQQPOPEBfzQmaT2wafVhyJ7ZOZXeU6kKb88MdlHoPkK2lKXCHMBtRGnnsiF36j0rmhQXu0I5g==",
      "requires": {
        "@babel/runtime": "^7.17.2",
        "@emotion/is-prop-valid": "^1.1.3",
        "@mui/types": "^7.1.4",
        "@mui/utils": "^5.9.0",
        "@popperjs/core": "^2.11.5",
        "clsx": "^1.2.1",
        "prop-types": "^15.8.1",
        "react-is": "^18.2.0"
      },
      "dependencies": {
        "react-is": {
          "version": "18.2.0",
          "resolved": "https://registry.npmjs.org/react-is/-/react-is-18.2.0.tgz",
          "integrity": "sha512-xWGDIW6x921xtzPkhiULtthJHoJvBbF3q26fzloPCK0hsvxtPVelvftw3zjbHWSkR2km9Z+4uxbDDK/6Zw9B8w=="
        }
      }
    },
    "@mui/material": {
      "version": "5.9.0",
      "resolved": "https://registry.npmjs.org/@mui/material/-/material-5.9.0.tgz",
      "integrity": "sha512-KZN3QEeCtwSP1IRpDZ7KQghDX7tyxZojADRCn+UKnoq8HUGNMJm2XKdb7hy9/ybaSW4EXQSKXSGg1AjdfS7Cdg==",
      "requires": {
        "@babel/runtime": "^7.17.2",
        "@mui/base": "5.0.0-alpha.89",
        "@mui/system": "^5.9.0",
        "@mui/types": "^7.1.4",
        "@mui/utils": "^5.9.0",
        "@types/react-transition-group": "^4.4.5",
        "clsx": "^1.2.1",
        "csstype": "^3.1.0",
        "prop-types": "^15.8.1",
        "react-is": "^18.2.0",
        "react-transition-group": "^4.4.2"
      },
      "dependencies": {
        "react-is": {
          "version": "18.2.0",
          "resolved": "https://registry.npmjs.org/react-is/-/react-is-18.2.0.tgz",
          "integrity": "sha512-xWGDIW6x921xtzPkhiULtthJHoJvBbF3q26fzloPCK0hsvxtPVelvftw3zjbHWSkR2km9Z+4uxbDDK/6Zw9B8w=="
        }
      }
    },
    "@mui/private-theming": {
      "version": "5.9.0",
      "resolved": "https://registry.npmjs.org/@mui/private-theming/-/private-theming-5.9.0.tgz",
      "integrity": "sha512-t0ZsWxE/LvX5RH5azjx1esBHbIfD9zjnbSAYkpE59BPpkOrqAYDGoJguL2EPd9LaUb6COmBozmAwNenvI6RJRQ==",
      "requires": {
        "@babel/runtime": "^7.17.2",
        "@mui/utils": "^5.9.0",
        "prop-types": "^15.8.1"
      }
    },
    "@mui/styled-engine": {
      "version": "5.8.7",
      "resolved": "https://registry.npmjs.org/@mui/styled-engine/-/styled-engine-5.8.7.tgz",
      "integrity": "sha512-tVqtowjbYmiRq+qcqXK731L9eWoL9H8xTRhuTgaDGKdch1zlt4I2UwInUe1w2N9N/u3/jHsFbLcl1Un3uOwpQg==",
      "requires": {
        "@babel/runtime": "^7.17.2",
        "@emotion/cache": "^11.9.3",
        "csstype": "^3.1.0",
        "prop-types": "^15.8.1"
      }
    },
    "@mui/system": {
      "version": "5.9.0",
      "resolved": "https://registry.npmjs.org/@mui/system/-/system-5.9.0.tgz",
      "integrity": "sha512-KLZDYMmT1usokEJH+raGTh1SbdOx4BVrT+wg8nRpKGNii2sfc3ntuJSKuv3Fu9oeC9xVFTnNBHXKrpJuxeDcqg==",
      "requires": {
        "@babel/runtime": "^7.17.2",
        "@mui/private-theming": "^5.9.0",
        "@mui/styled-engine": "^5.8.7",
        "@mui/types": "^7.1.4",
        "@mui/utils": "^5.9.0",
        "clsx": "^1.2.1",
        "csstype": "^3.1.0",
        "prop-types": "^15.8.1"
      }
    },
    "@mui/types": {
      "version": "7.1.4",
      "resolved": "https://registry.npmjs.org/@mui/types/-/types-7.1.4.tgz",
      "integrity": "sha512-uveM3byMbthO+6tXZ1n2zm0W3uJCQYtwt/v5zV5I77v2v18u0ITkb8xwhsDD2i3V2Kye7SaNR6FFJ6lMuY/WqQ=="
    },
    "@mui/utils": {
      "version": "5.9.0",
      "resolved": "https://registry.npmjs.org/@mui/utils/-/utils-5.9.0.tgz",
      "integrity": "sha512-GAaiWP6zBC3RE1NHP9y1c1iKZh5s/nyKKqWxfTrw5lNQY5tWTh9/47F682FuiE5WT1o3h4w/LEkSSIZpMEDzrA==",
      "requires": {
        "@babel/runtime": "^7.17.2",
        "@types/prop-types": "^15.7.5",
        "@types/react-is": "^16.7.1 || ^17.0.0",
        "prop-types": "^15.8.1",
        "react-is": "^18.2.0"
      },
      "dependencies": {
        "react-is": {
          "version": "18.2.0",
          "resolved": "https://registry.npmjs.org/react-is/-/react-is-18.2.0.tgz",
          "integrity": "sha512-xWGDIW6x921xtzPkhiULtthJHoJvBbF3q26fzloPCK0hsvxtPVelvftw3zjbHWSkR2km9Z+4uxbDDK/6Zw9B8w=="
        }
      }
    },
    "@popperjs/core": {
      "version": "2.11.5",
      "resolved": "https://registry.npmjs.org/@popperjs/core/-/core-2.11.5.tgz",
      "integrity": "sha512-9X2obfABZuDVLCgPK9aX0a/x4jaOEweTTWE2+9sr0Qqqevj2Uv5XorvusThmc9XGYpS9yI+fhh8RTafBtGposw=="
    },
    "@types/parse-json": {
      "version": "4.0.0",
      "resolved": "https://registry.npmjs.org/@types/parse-json/-/parse-json-4.0.0.tgz",
      "integrity": "sha512-//oorEZjL6sbPcKUaCdIGlIUeH26mgzimjBB77G6XRgnDl/L5wOnpyBGRe/Mmf5CVW3PwEBE1NjiMZ/ssFh4wA=="
    },
    "@types/prop-types": {
      "version": "15.7.5",
      "resolved": "https://registry.npmjs.org/@types/prop-types/-/prop-types-15.7.5.tgz",
      "integrity": "sha512-JCB8C6SnDoQf0cNycqd/35A7MjcnK+ZTqE7judS6o7utxUCg6imJg3QK2qzHKszlTjcj2cn+NwMB2i96ubpj7w=="
    },
    "@types/react": {
      "version": "18.0.15",
      "resolved": "https://registry.npmjs.org/@types/react/-/react-18.0.15.tgz",
      "integrity": "sha512-iz3BtLuIYH1uWdsv6wXYdhozhqj20oD4/Hk2DNXIn1kFsmp9x8d9QB6FnPhfkbhd2PgEONt9Q1x/ebkwjfFLow==",
      "requires": {
        "@types/prop-types": "*",
        "@types/scheduler": "*",
        "csstype": "^3.0.2"
      }
    },
    "@types/react-is": {
      "version": "17.0.3",
      "resolved": "https://registry.npmjs.org/@types/react-is/-/react-is-17.0.3.tgz",
      "integrity": "sha512-aBTIWg1emtu95bLTLx0cpkxwGW3ueZv71nE2YFBpL8k/z5czEW8yYpOo8Dp+UUAFAtKwNaOsh/ioSeQnWlZcfw==",
      "requires": {
        "@types/react": "*"
      }
    },
    "@types/react-transition-group": {
      "version": "4.4.5",
      "resolved": "https://registry.npmjs.org/@types/react-transition-group/-/react-transition-group-4.4.5.tgz",
      "integrity": "sha512-juKD/eiSM3/xZYzjuzH6ZwpP+/lejltmiS3QEzV/vmb/Q8+HfDmxu+Baga8UEMGBqV88Nbg4l2hY/K2DkyaLLA==",
      "requires": {
        "@types/react": "*"
      }
    },
    "@types/scheduler": {
      "version": "0.16.2",
      "resolved": "https://registry.npmjs.org/@types/scheduler/-/scheduler-0.16.2.tgz",
      "integrity": "sha512-hppQEBDmlwhFAXKJX2KnWLYu5yMfi91yazPb2l+lbJiwW+wdo1gNeRA+3RgNSO39WYX2euey41KEwnqesU2Jew=="
    },
    "ansi-styles": {
      "version": "3.2.1",
      "resolved": "https://registry.npmjs.org/ansi-styles/-/ansi-styles-3.2.1.tgz",
      "integrity": "sha512-VT0ZI6kZRdTh8YyJw3SMbYm/u+NqfsAxEpWO0Pf9sq8/e94WxxOpPKx9FR1FlyCtOVDNOQ+8ntlqFxiRc+r5qA==",
      "requires": {
        "color-convert": "^1.9.0"
      }
    },
    "babel-plugin-macros": {
      "version": "2.8.0",
      "resolved": "https://registry.npmjs.org/babel-plugin-macros/-/babel-plugin-macros-2.8.0.tgz",
      "integrity": "sha512-SEP5kJpfGYqYKpBrj5XU3ahw5p5GOHJ0U5ssOSQ/WBVdwkD2Dzlce95exQTs3jOVWPPKLBN2rlEWkCK7dSmLvg==",
      "requires": {
        "@babel/runtime": "^7.7.2",
        "cosmiconfig": "^6.0.0",
        "resolve": "^1.12.0"
      }
    },
    "callsites": {
      "version": "3.1.0",
      "resolved": "https://registry.npmjs.org/callsites/-/callsites-3.1.0.tgz",
      "integrity": "sha512-P8BjAsXvZS+VIDUI11hHCQEv74YT67YUi5JJFNWIqL235sBmjX4+qx9Muvls5ivyNENctx46xQLQ3aTuE7ssaQ=="
    },
    "chalk": {
      "version": "2.4.2",
      "resolved": "https://registry.npmjs.org/chalk/-/chalk-2.4.2.tgz",
      "integrity": "sha512-Mti+f9lpJNcwF4tWV8/OrTTtF1gZi+f8FqlyAdouralcFWFQWF2+NgCHShjkCb+IFBLq9buZwE1xckQU4peSuQ==",
      "requires": {
        "ansi-styles": "^3.2.1",
        "escape-string-regexp": "^1.0.5",
        "supports-color": "^5.3.0"
      },
      "dependencies": {
        "escape-string-regexp": {
          "version": "1.0.5",
          "resolved": "https://registry.npmjs.org/escape-string-regexp/-/escape-string-regexp-1.0.5.tgz",
          "integrity": "sha512-vbRorB5FUQWvla16U8R/qgaFIya2qGzwDrNmCZuYKrbdSUMG6I1ZCGQRefkRVhuOkIGVne7BQ35DSfo1qvJqFg=="
        }
      }
    },
    "chart.js": {
      "version": "3.8.0",
      "resolved": "https://registry.npmjs.org/chart.js/-/chart.js-3.8.0.tgz",
      "integrity": "sha512-cr8xhrXjLIXVLOBZPkBZVF6NDeiVIrPLHcMhnON7UufudL+CNeRrD+wpYanswlm8NpudMdrt3CHoLMQMxJhHRg=="
    },
    "clsx": {
      "version": "1.2.1",
      "resolved": "https://registry.npmjs.org/clsx/-/clsx-1.2.1.tgz",
      "integrity": "sha512-EcR6r5a8bj6pu3ycsa/E/cKVGuTgZJZdsyUYHOksG/UHIiKfjxzRxYJpyVBwYaQeOvghal9fcc4PidlgzugAQg=="
    },
    "color-convert": {
      "version": "1.9.3",
      "resolved": "https://registry.npmjs.org/color-convert/-/color-convert-1.9.3.tgz",
      "integrity": "sha512-QfAUtd+vFdAtFQcC8CCyYt1fYWxSqAiK2cSD6zDB8N3cpsEBAvRxp9zOGg6G/SHHJYAT88/az/IuDGALsNVbGg==",
      "requires": {
        "color-name": "1.1.3"
      }
    },
    "color-name": {
      "version": "1.1.3",
      "resolved": "https://registry.npmjs.org/color-name/-/color-name-1.1.3.tgz",
      "integrity": "sha512-72fSenhMw2HZMTVHeCA9KCmpEIbzWiQsjN+BHcBbS9vr1mtt+vJjPdksIBNUmKAW8TFUDPJK5SUU3QhE9NEXDw=="
    },
    "convert-source-map": {
      "version": "1.8.0",
      "resolved": "https://registry.npmjs.org/convert-source-map/-/convert-source-map-1.8.0.tgz",
      "integrity": "sha512-+OQdjP49zViI/6i7nIJpA8rAl4sV/JdPfU9nZs3VqOwGIgizICvuN2ru6fMd+4llL0tar18UYJXfZ/TWtmhUjA==",
      "requires": {
        "safe-buffer": "~5.1.1"
      }
    },
    "cosmiconfig": {
      "version": "6.0.0",
      "resolved": "https://registry.npmjs.org/cosmiconfig/-/cosmiconfig-6.0.0.tgz",
      "integrity": "sha512-xb3ZL6+L8b9JLLCx3ZdoZy4+2ECphCMo2PwqgP1tlfVq6M6YReyzBJtvWWtbDSpNr9hn96pkCiZqUcFEc+54Qg==",
      "requires": {
        "@types/parse-json": "^4.0.0",
        "import-fresh": "^3.1.0",
        "parse-json": "^5.0.0",
        "path-type": "^4.0.0",
        "yaml": "^1.7.2"
      }
    },
    "csstype": {
      "version": "3.1.0",
      "resolved": "https://registry.npmjs.org/csstype/-/csstype-3.1.0.tgz",
      "integrity": "sha512-uX1KG+x9h5hIJsaKR9xHUeUraxf8IODOwq9JLNPq6BwB04a/xgpq3rcx47l5BZu5zBPlgD342tdke3Hom/nJRA=="
    },
    "dom-helpers": {
      "version": "5.2.1",
      "resolved": "https://registry.npmjs.org/dom-helpers/-/dom-helpers-5.2.1.tgz",
      "integrity": "sha512-nRCa7CK3VTrM2NmGkIy4cbK7IZlgBE/PYMn55rrXefr5xXDP0LdtfPnblFDoVdcAfslJ7or6iqAUnx0CCGIWQA==",
      "requires": {
        "@babel/runtime": "^7.8.7",
        "csstype": "^3.0.2"
      }
    },
    "error-ex": {
      "version": "1.3.2",
      "resolved": "https://registry.npmjs.org/error-ex/-/error-ex-1.3.2.tgz",
      "integrity": "sha512-7dFHNmqeFSEt2ZBsCriorKnn3Z2pj+fd9kmI6QoWw4//DL+icEBfc0U7qJCisqrTsKTjw4fNFy2pW9OqStD84g==",
      "requires": {
        "is-arrayish": "^0.2.1"
      }
    },
    "escape-string-regexp": {
      "version": "4.0.0",
      "resolved": "https://registry.npmjs.org/escape-string-regexp/-/escape-string-regexp-4.0.0.tgz",
      "integrity": "sha512-TtpcNJ3XAzx3Gq8sWRzJaVajRs0uVxA2YAkdb1jm2YkPz4G6egUFAyA3n5vtEIZefPk5Wa4UXbKuS5fKkJWdgA=="
    },
    "find-root": {
      "version": "1.1.0",
      "resolved": "https://registry.npmjs.org/find-root/-/find-root-1.1.0.tgz",
      "integrity": "sha512-NKfW6bec6GfKc0SGx1e07QZY9PE99u0Bft/0rzSD5k3sO/vwkVUpDUKVm5Gpp5Ue3YfShPFTX2070tDs5kB9Ng=="
    },
    "function-bind": {
      "version": "1.1.1",
      "resolved": "https://registry.npmjs.org/function-bind/-/function-bind-1.1.1.tgz",
      "integrity": "sha512-yIovAzMX49sF8Yl58fSCWJ5svSLuaibPxXQJFLmBObTuCr0Mf1KiPopGM9NiFjiYBCbfaa2Fh6breQ6ANVTI0A=="
    },
    "has": {
      "version": "1.0.3",
      "resolved": "https://registry.npmjs.org/has/-/has-1.0.3.tgz",
      "integrity": "sha512-f2dvO0VU6Oej7RkWJGrehjbzMAjFp5/VKPp5tTpWIV4JHHZK1/BxbFRtf/siA2SWTe09caDmVtYYzWEIbBS4zw==",
      "requires": {
        "function-bind": "^1.1.1"
      }
    },
    "has-flag": {
      "version": "3.0.0",
      "resolved": "https://registry.npmjs.org/has-flag/-/has-flag-3.0.0.tgz",
      "integrity": "sha512-sKJf1+ceQBr4SMkvQnBDNDtf4TXpVhVGateu0t918bl30FnbE2m4vNLX+VWe/dpjlb+HugGYzW7uQXH98HPEYw=="
    },
    "hoist-non-react-statics": {
      "version": "3.3.2",
      "resolved": "https://registry.npmjs.org/hoist-non-react-statics/-/hoist-non-react-statics-3.3.2.tgz",
      "integrity": "sha512-/gGivxi8JPKWNm/W0jSmzcMPpfpPLc3dY/6GxhX2hQ9iGj3aDfklV4ET7NjKpSinLpJ5vafa9iiGIEZg10SfBw==",
      "requires": {
        "react-is": "^16.7.0"
      }
    },
    "import-fresh": {
      "version": "3.3.0",
      "resolved": "https://registry.npmjs.org/import-fresh/-/import-fresh-3.3.0.tgz",
      "integrity": "sha512-veYYhQa+D1QBKznvhUHxb8faxlrwUnxseDAbAp457E0wLNio2bOSKnjYDhMj+YiAq61xrMGhQk9iXVk5FzgQMw==",
      "requires": {
        "parent-module": "^1.0.0",
        "resolve-from": "^4.0.0"
      }
    },
    "is-arrayish": {
      "version": "0.2.1",
      "resolved": "https://registry.npmjs.org/is-arrayish/-/is-arrayish-0.2.1.tgz",
      "integrity": "sha512-zz06S8t0ozoDXMG+ube26zeCTNXcKIPJZJi8hBrF4idCLms4CG9QtK7qBl1boi5ODzFpjswb5JPmHCbMpjaYzg=="
    },
    "is-core-module": {
      "version": "2.9.0",
      "resolved": "https://registry.npmjs.org/is-core-module/-/is-core-module-2.9.0.tgz",
      "integrity": "sha512-+5FPy5PnwmO3lvfMb0AsoPaBG+5KHUI0wYFXOtYPnVVVspTFUuMZNfNaNVRt3FZadstu2c8x23vykRW/NBoU6A==",
      "requires": {
        "has": "^1.0.3"
      }
    },
    "js-tokens": {
      "version": "4.0.0",
      "resolved": "https://registry.npmjs.org/js-tokens/-/js-tokens-4.0.0.tgz",
      "integrity": "sha512-RdJUflcE3cUzKiMqQgsCu06FPu9UdIJO0beYbPhHN4k6apgJtifcoCtT9bcxOpYBtpD2kCM6Sbzg4CausW/PKQ=="
    },
    "json-parse-even-better-errors": {
      "version": "2.3.1",
      "resolved": "https://registry.npmjs.org/json-parse-even-better-errors/-/json-parse-even-better-errors-2.3.1.tgz",
      "integrity": "sha512-xyFwyhro/JEof6Ghe2iz2NcXoj2sloNsWr/XsERDK/oiPCfaNhl5ONfp+jQdAZRQQ0IJWNzH9zIZF7li91kh2w=="
    },
    "lines-and-columns": {
      "version": "1.2.4",
      "resolved": "https://registry.npmjs.org/lines-and-columns/-/lines-and-columns-1.2.4.tgz",
      "integrity": "sha512-7ylylesZQ/PV29jhEDl3Ufjo6ZX7gCqJr5F7PKrqc93v7fzSymt1BpwEU8nAUXs8qzzvqhbjhK5QZg6Mt/HkBg=="
    },
    "loose-envify": {
      "version": "1.4.0",
      "resolved": "https://registry.npmjs.org/loose-envify/-/loose-envify-1.4.0.tgz",
      "integrity": "sha512-lyuxPGr/Wfhrlem2CL/UcnUc1zcqKAImBDzukY7Y5F/yQiNdko6+fRLevlw1HgMySw7f611UIY408EtxRSoK3Q==",
      "requires": {
        "js-tokens": "^3.0.0 || ^4.0.0"
      }
    },
    "object-assign": {
      "version": "4.1.1",
      "resolved": "https://registry.npmjs.org/object-assign/-/object-assign-4.1.1.tgz",
      "integrity": "sha512-rJgTQnkUnH1sFw8yT6VSU3zD3sWmu6sZhIseY8VX+GRu3P6F7Fu+JNDoXfklElbLJSnc3FUQHVe4cU5hj+BcUg=="
    },
    "parent-module": {
      "version": "1.0.1",
      "resolved": "https://registry.npmjs.org/parent-module/-/parent-module-1.0.1.tgz",
      "integrity": "sha512-GQ2EWRpQV8/o+Aw8YqtfZZPfNRWZYkbidE9k5rpl/hC3vtHHBfGm2Ifi6qWV+coDGkrUKZAxE3Lot5kcsRlh+g==",
      "requires": {
        "callsites": "^3.0.0"
      }
    },
    "parse-json": {
      "version": "5.2.0",
      "resolved": "https://registry.npmjs.org/parse-json/-/parse-json-5.2.0.tgz",
      "integrity": "sha512-ayCKvm/phCGxOkYRSCM82iDwct8/EonSEgCSxWxD7ve6jHggsFl4fZVQBPRNgQoKiuV/odhFrGzQXZwbifC8Rg==",
      "requires": {
        "@babel/code-frame": "^7.0.0",
        "error-ex": "^1.3.1",
        "json-parse-even-better-errors": "^2.3.0",
        "lines-and-columns": "^1.1.6"
      }
    },
    "path-parse": {
      "version": "1.0.7",
      "resolved": "https://registry.npmjs.org/path-parse/-/path-parse-1.0.7.tgz",
      "integrity": "sha512-LDJzPVEEEPR+y48z93A0Ed0yXb8pAByGWo/k5YYdYgpY2/2EsOsksJrq7lOHxryrVOn1ejG6oAp8ahvOIQD8sw=="
    },
    "path-type": {
      "version": "4.0.0",
      "resolved": "https://registry.npmjs.org/path-type/-/path-type-4.0.0.tgz",
      "integrity": "sha512-gDKb8aZMDeD/tZWs9P6+q0J9Mwkdl6xMV8TjnGP3qJVJ06bdMgkbBlLU8IdfOsIsFz2BW1rNVT3XuNEl8zPAvw=="
    },
    "prop-types": {
      "version": "15.8.1",
      "resolved": "https://registry.npmjs.org/prop-types/-/prop-types-15.8.1.tgz",
      "integrity": "sha512-oj87CgZICdulUohogVAR7AjlC0327U4el4L6eAvOqCeudMDVU0NThNaV+b9Df4dXgSP1gXMTnPdhfe/2qDH5cg==",
      "requires": {
        "loose-envify": "^1.4.0",
        "object-assign": "^4.1.1",
        "react-is": "^16.13.1"
      }
    },
    "react-is": {
      "version": "16.13.1",
      "resolved": "https://registry.npmjs.org/react-is/-/react-is-16.13.1.tgz",
      "integrity": "sha512-24e6ynE2H+OKt4kqsOvNd8kBpV65zoxbA4BVsEOB3ARVWQki/DHzaUoC5KuON/BiccDaCCTZBuOcfZs70kR8bQ=="
    },
    "react-transition-group": {
      "version": "4.4.2",
      "resolved": "https://registry.npmjs.org/react-transition-group/-/react-transition-group-4.4.2.tgz",
      "integrity": "sha512-/RNYfRAMlZwDSr6z4zNKV6xu53/e2BuaBbGhbyYIXTrmgu/bGHzmqOs7mJSJBHy9Ud+ApHx3QjrkKSp1pxvlFg==",
      "requires": {
        "@babel/runtime": "^7.5.5",
        "dom-helpers": "^5.0.1",
        "loose-envify": "^1.4.0",
        "prop-types": "^15.6.2"
      }
    },
    "regenerator-runtime": {
      "version": "0.13.9",
      "resolved": "https://registry.npmjs.org/regenerator-runtime/-/regenerator-runtime-0.13.9.tgz",
      "integrity": "sha512-p3VT+cOEgxFsRRA9X4lkI1E+k2/CtnKtU4gcxyaCUreilL/vqI6CdZ3wxVUx3UOUg+gnUOQQcRI7BmSI656MYA=="
    },
    "resolve": {
      "version": "1.22.1",
      "resolved": "https://registry.npmjs.org/resolve/-/resolve-1.22.1.tgz",
      "integrity": "sha512-nBpuuYuY5jFsli/JIs1oldw6fOQCBioohqWZg/2hiaOybXOft4lonv85uDOKXdf8rhyK159cxU5cDcK/NKk8zw==",
      "requires": {
        "is-core-module": "^2.9.0",
        "path-parse": "^1.0.7",
        "supports-preserve-symlinks-flag": "^1.0.0"
      }
    },
    "resolve-from": {
      "version": "4.0.0",
      "resolved": "https://registry.npmjs.org/resolve-from/-/resolve-from-4.0.0.tgz",
      "integrity": "sha512-pb/MYmXstAkysRFx8piNI1tGFNQIFA3vkE3Gq4EuA1dF6gHp/+vgZqsCGJapvy8N3Q+4o7FwvquPJcnZ7RYy4g=="
    },
    "safe-buffer": {
      "version": "5.1.2",
      "resolved": "https://registry.npmjs.org/safe-buffer/-/safe-buffer-5.1.2.tgz",
      "integrity": "sha512-Gd2UZBJDkXlY7GbJxfsE8/nvKkUEU1G38c1siN6QP6a9PT9MmHB8GnpscSmMJSoF8LOIrt8ud/wPtojys4G6+g=="
    },
    "source-map": {
      "version": "0.5.7",
      "resolved": "https://registry.npmjs.org/source-map/-/source-map-0.5.7.tgz",
      "integrity": "sha512-LbrmJOMUSdEVxIKvdcJzQC+nQhe8FUZQTXQy6+I75skNgn3OoQ0DZA8YnFa7gp8tqtL3KPf1kmo0R5DoApeSGQ=="
    },
    "stylis": {
      "version": "4.0.13",
      "resolved": "https://registry.npmjs.org/stylis/-/stylis-4.0.13.tgz",
      "integrity": "sha512-xGPXiFVl4YED9Jh7Euv2V220mriG9u4B2TA6Ybjc1catrstKD2PpIdU3U0RKpkVBC2EhmL/F0sPCr9vrFTNRag=="
    },
    "supports-color": {
      "version": "5.5.0",
      "resolved": "https://registry.npmjs.org/supports-color/-/supports-color-5.5.0.tgz",
      "integrity": "sha512-QjVjwdXIt408MIiAqCX4oUKsgU2EqAGzs2Ppkm4aQYbjm+ZEWEcW4SfFNTr4uMNZma0ey4f5lgLrkB0aX0QMow==",
      "requires": {
        "has-flag": "^3.0.0"
      }
    },
    "supports-preserve-symlinks-flag": {
      "version": "1.0.0",
      "resolved": "https://registry.npmjs.org/supports-preserve-symlinks-flag/-/supports-preserve-symlinks-flag-1.0.0.tgz",
      "integrity": "sha512-ot0WnXS9fgdkgIcePe6RHNk1WA8+muPa6cSjeR3V8K27q9BB1rTE3R1p7Hv0z1ZyAc8s6Vvv8DIyWf681MAt0w=="
    },
    "to-fast-properties": {
      "version": "2.0.0",
      "resolved": "https://registry.npmjs.org/to-fast-properties/-/to-fast-properties-2.0.0.tgz",
      "integrity": "sha512-/OaKK0xYrs3DmxRYqL/yDc+FxFUVYhDlXMhRmv3z915w2HF1tnN1omB354j8VUGO/hbRzyD6Y3sA7v7GS/ceog=="
    },
    "yaml": {
      "version": "1.10.2",
      "resolved": "https://registry.npmjs.org/yaml/-/yaml-1.10.2.tgz",
      "integrity": "sha512-r3vXyErRCYJ7wg28yvBY5VSoAF8ZvlcW9/BwUzEtUsjvX/DKs24dIkuwjtuprwJJHsbyUbLApepYTR1BN4uHrg=="
    }
  }
}
